
Microsoft Visual Studio Solution File, Format Version 12.00
# Visual Studio Version 17
VisualStudioVersion = 17.0.31903.59
MinimumVisualStudioVersion = 10.0.40219.1
Project("{FAE04EC0-301F-11D3-BF4B-00C04F79EFBC}") = "DZ17", "DZ17.csproj", "{816C26B0-5412-4252-9527-032D6D471A0D}"
EndProject
Global
	GlobalSection(SolutionConfigurationPlatforms) = preSolution
		Debug|Any CPU = Debug|Any CPU
		Release|Any CPU = Release|Any CPU
	EndGlobalSection
	GlobalSection(ProjectConfigurationPlatforms) = postSolution
		{816C26B0-5412-4252-9527-032D6D471A0D}.Debug|Any CPU.ActiveCfg = Debug|Any CPU
		{816C26B0-5412-4252-9527-032D6D471A0D}.Debug|Any CPU.Build.0 = Debug|Any CPU
		{816C26B0-5412-4252-9527-032D6D471A0D}.Release|Any CPU.ActiveCfg = Release|Any CPU
		{816C26B0-5412-4252-9527-032D6D471A0D}.Release|Any CPU.Build.0 = Release|Any CPU
	EndGlobalSection
	GlobalSection(SolutionProperties) = preSolution
		HideSolutionNode = FALSE
	EndGlobalSection
	GlobalSection(ExtensibilityGlobals) = postSolution
		SolutionGuid = {B61FC28E-5B4A-4AAC-AE08-3EB215A052C4}
	EndGlobalSection
EndGlobal
